// !$*UTF8*$!
{
	archiveVersion = 1;
	classes = {
	};
	objectVersion = 52;
	objects = {

/* Begin PBXBuildFile section */
		138298F926681376004167D5 /* HyprMX.xcframework in Frameworks */ = {isa = PBXBuildFile; fileRef = 138298F72668136D004167D5 /* HyprMX.xcframework */; };
		138298FA26681376004167D5 /* HyprMX.xcframework in Embed Frameworks */ = {isa = PBXBuildFile; fileRef = 138298F72668136D004167D5 /* HyprMX.xcframework */; settings = {ATTRIBUTES = (CodeSignOnCopy, RemoveHeadersOnCopy, ); }; };
		930775702301B3ED009DD872 /* ViewControllerUIExtension.swift in Sources */ = {isa = PBXBuildFile; fileRef = 9307756F2301B3ED009DD872 /* ViewControllerUIExtension.swift */; };
		930DF7F422FB5C0100D7220D /* AppDelegate.swift in Sources */ = {isa = PBXBuildFile; fileRef = 930DF7F322FB5C0100D7220D /* AppDelegate.swift */; };
		930DF7F622FB5C0100D7220D /* SceneDelegate.swift in Sources */ = {isa = PBXBuildFile; fileRef = 930DF7F522FB5C0100D7220D /* SceneDelegate.swift */; };
		930DF7F822FB5C0100D7220D /* ViewController.swift in Sources */ = {isa = PBXBuildFile; fileRef = 930DF7F722FB5C0100D7220D /* ViewController.swift */; };
		930DF7FB22FB5C0100D7220D /* Main.storyboard in Resources */ = {isa = PBXBuildFile; fileRef = 930DF7F922FB5C0100D7220D /* Main.storyboard */; };
		930DF7FD22FB5C0200D7220D /* Assets.xcassets in Resources */ = {isa = PBXBuildFile; fileRef = 930DF7FC22FB5C0200D7220D /* Assets.xcassets */; };
		930DF80022FB5C0200D7220D /* LaunchScreen.storyboard in Resources */ = {isa = PBXBuildFile; fileRef = 930DF7FE22FB5C0200D7220D /* LaunchScreen.storyboard */; };
/* End PBXBuildFile section */

/* Begin PBXCopyFilesBuildPhase section */
		933B17DA2305B65200639616 /* Embed Frameworks */ = {
			isa = PBXCopyFilesBuildPhase;
			buildActionMask = 2147483647;
			dstPath = "";
			dstSubfolderSpec = 10;
			files = (
				138298FA26681376004167D5 /* HyprMX.xcframework in Embed Frameworks */,
			);
			name = "Embed Frameworks";
			runOnlyForDeploymentPostprocessing = 0;
		};
/* End PBXCopyFilesBuildPhase section */

/* Begin PBXFileReference section */
		138298F72668136D004167D5 /* HyprMX.xcframework */ = {isa = PBXFileReference; lastKnownFileType = wrapper.xcframework; name = HyprMX.xcframework; path = "HyprMX-ExampleApp/HyprMX.xcframework"; sourceTree = "<group>"; };
		9307756F2301B3ED009DD872 /* ViewControllerUIExtension.swift */ = {isa = PBXFileReference; lastKnownFileType = sourcecode.swift; path = ViewControllerUIExtension.swift; sourceTree = "<group>"; };
		930DF7F022FB5C0100D7220D /* HyprMX-ExampleApp.app */ = {isa = PBXFileReference; explicitFileType = wrapper.application; includeInIndex = 0; path = "HyprMX-ExampleApp.app"; sourceTree = BUILT_PRODUCTS_DIR; };
		930DF7F322FB5C0100D7220D /* AppDelegate.swift */ = {isa = PBXFileReference; lastKnownFileType = sourcecode.swift; path = AppDelegate.swift; sourceTree = "<group>"; };
		930DF7F522FB5C0100D7220D /* SceneDelegate.swift */ = {isa = PBXFileReference; lastKnownFileType = sourcecode.swift; path = SceneDelegate.swift; sourceTree = "<group>"; };
		930DF7F722FB5C0100D7220D /* ViewController.swift */ = {isa = PBXFileReference; lastKnownFileType = sourcecode.swift; path = ViewController.swift; sourceTree = "<group>"; };
		930DF7FA22FB5C0100D7220D /* Base */ = {isa = PBXFileReference; lastKnownFileType = file.storyboard; name = Base; path = Base.lproj/Main.storyboard; sourceTree = "<group>"; };
		930DF7FC22FB5C0200D7220D /* Assets.xcassets */ = {isa = PBXFileReference; lastKnownFileType = folder.assetcatalog; path = Assets.xcassets; sourceTree = "<group>"; };
		930DF7FF22FB5C0200D7220D /* Base */ = {isa = PBXFileReference; lastKnownFileType = file.storyboard; name = Base; path = Base.lproj/LaunchScreen.storyboard; sourceTree = "<group>"; };
		930DF80122FB5C0200D7220D /* Info.plist */ = {isa = PBXFileReference; lastKnownFileType = text.plist.xml; path = Info.plist; sourceTree = "<group>"; };
/* End PBXFileReference section */

/* Begin PBXFrameworksBuildPhase section */
		930DF7ED22FB5C0100D7220D /* Frameworks */ = {
			isa = PBXFrameworksBuildPhase;
			buildActionMask = 2147483647;
			files = (
				138298F926681376004167D5 /* HyprMX.xcframework in Frameworks */,
			);
			runOnlyForDeploymentPostprocessing = 0;
		};
/* End PBXFrameworksBuildPhase section */

/* Begin PBXGroup section */
		930DF7E722FB5C0100D7220D = {
			isa = PBXGroup;
			children = (
				138298F72668136D004167D5 /* HyprMX.xcframework */,
				930DF7F222FB5C0100D7220D /* HyprMX-ExampleApp */,
				930DF7F122FB5C0100D7220D /* Products */,
			);
			sourceTree = "<group>";
		};
		930DF7F122FB5C0100D7220D /* Products */ = {
			isa = PBXGroup;
			children = (
				930DF7F022FB5C0100D7220D /* HyprMX-ExampleApp.app */,
			);
			name = Products;
			sourceTree = "<group>";
		};
		930DF7F222FB5C0100D7220D /* HyprMX-ExampleApp */ = {
			isa = PBXGroup;
			children = (
				930DF7F322FB5C0100D7220D /* AppDelegate.swift */,
				930DF7F522FB5C0100D7220D /* SceneDelegate.swift */,
				930DF7F722FB5C0100D7220D /* ViewController.swift */,
				9307756F2301B3ED009DD872 /* ViewControllerUIExtension.swift */,
				930DF7F922FB5C0100D7220D /* Main.storyboard */,
				930DF7FC22FB5C0200D7220D /* Assets.xcassets */,
				930DF7FE22FB5C0200D7220D /* LaunchScreen.storyboard */,
				930DF80122FB5C0200D7220D /* Info.plist */,
			);
			path = "HyprMX-ExampleApp";
			sourceTree = "<group>";
		};
/* End PBXGroup section */

/* Begin PBXNativeTarget section */
		930DF7EF22FB5C0100D7220D /* HyprMX-ExampleApp */ = {
			isa = PBXNativeTarget;
			buildConfigurationList = 930DF80422FB5C0200D7220D /* Build configuration list for PBXNativeTarget "HyprMX-ExampleApp" */;
			buildPhases = (
				930DF7EC22FB5C0100D7220D /* Sources */,
				930DF7ED22FB5C0100D7220D /* Frameworks */,
				930DF7EE22FB5C0100D7220D /* Resources */,
				933B17DA2305B65200639616 /* Embed Frameworks */,
			);
			buildRules = (
			);
			dependencies = (
			);
			name = "HyprMX-ExampleApp";
			packageProductDependencies = (
			);
			productName = "HyprMX-ExampleApp";
			productReference = 930DF7F022FB5C0100D7220D /* HyprMX-ExampleApp.app */;
			productType = "com.apple.product-type.application";
		};
/* End PBXNativeTarget section */

/* Begin PBXProject section */
		930DF7E822FB5C0100D7220D /* Project object */ = {
			isa = PBXProject;
			attributes = {
				LastSwiftUpdateCheck = 1100;
				LastUpgradeCheck = 1200;
				ORGANIZATIONNAME = hyprmx;
				TargetAttributes = {
					930DF7EF22FB5C0100D7220D = {
						CreatedOnToolsVersion = 11.0;
					};
				};
			};
			buildConfigurationList = 930DF7EB22FB5C0100D7220D /* Build configuration list for PBXProject "HyprMX-ExampleApp" */;
			compatibilityVersion = "Xcode 9.3";
			developmentRegion = en;
			hasScannedForEncodings = 0;
			knownRegions = (
				en,
				Base,
			);
			mainGroup = 930DF7E722FB5C0100D7220D;
			packageReferences = (
			);
			productRefGroup = 930DF7F122FB5C0100D7220D /* Products */;
			projectDirPath = "";
			projectRoot = "";
			targets = (
				930DF7EF22FB5C0100D7220D /* HyprMX-ExampleApp */,
			);
		};
/* End PBXProject section */

/* Begin PBXResourcesBuildPhase section */
		930DF7EE22FB5C0100D7220D /* Resources */ = {
			isa = PBXResourcesBuildPhase;
			buildActionMask = 2147483647;
			files = (
				930DF80022FB5C0200D7220D /* LaunchScreen.storyboard in Resources */,
				930DF7FD22FB5C0200D7220D /* Assets.xcassets in Resources */,
				930DF7FB22FB5C0100D7220D /* Main.storyboard in Resources */,
			);
			runOnlyForDeploymentPostprocessing = 0;
		};
/* End PBXResourcesBuildPhase section */

/* Begin PBXSourcesBuildPhase section */
		930DF7EC22FB5C0100D7220D /* Sources */ = {
			isa = PBXSourcesBuildPhase;
			buildActionMask = 2147483647;
			files = (
				930DF7F822FB5C0100D7220D /* ViewController.swift in Sources */,
				930DF7F422FB5C0100D7220D /* AppDelegate.swift in Sources */,
				930775702301B3ED009DD872 /* ViewControllerUIExtension.swift in Sources */,
				930DF7F622FB5C0100D7220D /* SceneDelegate.swift in Sources */,
			);
			runOnlyForDeploymentPostprocessing = 0;
		};
/* End PBXSourcesBuildPhase section */

/* Begin PBXVariantGroup section */
		930DF7F922FB5C0100D7220D /* Main.storyboard */ = {
			isa = PBXVariantGroup;
			children = (
				930DF7FA22FB5C0100D7220D /* Base */,
			);
			name = Main.storyboard;
			sourceTree = "<group>";
		};
		930DF7FE22FB5C0200D7220D /* LaunchScreen.storyboard */ = {
			isa = PBXVariantGroup;
			children = (
				930DF7FF22FB5C0200D7220D /* Base */,
			);
			name = LaunchScreen.storyboard;
			sourceTree = "<group>";
		};
/* End PBXVariantGroup section */

/* Begin XCBuildConfiguration section */
		930DF80222FB5C0200D7220D /* Debug */ = {
			isa = XCBuildConfiguration;
			buildSettings = {
				ALWAYS_SEARCH_USER_PATHS = NO;
				CLANG_ANALYZER_NONNULL = YES;
				CLANG_ANALYZER_NUMBER_OBJECT_CONVERSION = YES_AGGRESSIVE;
				CLANG_CXX_LANGUAGE_STANDARD = "gnu++14";
				CLANG_CXX_LIBRARY = "libc++";
				CLANG_ENABLE_MODULES = YES;
				CLANG_ENABLE_OBJC_ARC = YES;
				CLANG_ENABLE_OBJC_WEAK = YES;
				CLANG_WARN_BLOCK_CAPTURE_AUTORELEASING = YES;
				CLANG_WARN_BOOL_CONVERSION = YES;
				CLANG_WARN_COMMA = YES;
				CLANG_WARN_CONSTANT_CONVERSION = YES;
				CLANG_WARN_DEPRECATED_OBJC_IMPLEMENTATIONS = YES;
				CLANG_WARN_DIRECT_OBJC_ISA_USAGE = YES_ERROR;
				CLANG_WARN_DOCUMENTATION_COMMENTS = YES;
				CLANG_WARN_EMPTY_BODY = YES;
				CLANG_WARN_ENUM_CONVERSION = YES;
				CLANG_WARN_INFINITE_RECURSION = YES;
				CLANG_WARN_INT_CONVERSION = YES;
				CLANG_WARN_NON_LITERAL_NULL_CONVERSION = YES;
				CLANG_WARN_OBJC_IMPLICIT_RETAIN_SELF = YES;
				CLANG_WARN_OBJC_LITERAL_CONVERSION = YES;
				CLANG_WARN_OBJC_ROOT_CLASS = YES_ERROR;
				CLANG_WARN_QUOTED_INCLUDE_IN_FRAMEWORK_HEADER = YES;
				CLANG_WARN_RANGE_LOOP_ANALYSIS = YES;
				CLANG_WARN_STRICT_PROTOTYPES = YES;
				CLANG_WARN_SUSPICIOUS_MOVE = YES;
				CLANG_WARN_UNGUARDED_AVAILABILITY = YES_AGGRESSIVE;
				CLANG_WARN_UNREACHABLE_CODE = YES;
				CLANG_WARN__DUPLICATE_METHOD_MATCH = YES;
				CODE_SIGN_IDENTITY = "iPhone Developer";
				COPY_PHASE_STRIP = NO;
				DEBUG_INFORMATION_FORMAT = dwarf;
				DEVELOPMENT_TEAM = NU4557A4JE;
				ENABLE_STRICT_OBJC_MSGSEND = YES;
				ENABLE_TESTABILITY = YES;
				GCC_C_LANGUAGE_STANDARD = gnu11;
				GCC_DYNAMIC_NO_PIC = NO;
				GCC_NO_COMMON_BLOCKS = YES;
				GCC_OPTIMIZATION_LEVEL = 0;
				GCC_PREPROCESSOR_DEFINITIONS = (
					"DEBUG=1",
					"$(inherited)",
				);
				GCC_WARN_64_TO_32_BIT_CONVERSION = YES;
				GCC_WARN_ABOUT_RETURN_TYPE = YES_ERROR;
				GCC_WARN_UNDECLARED_SELECTOR = YES;
				GCC_WARN_UNINITIALIZED_AUTOS = YES_AGGRESSIVE;
				GCC_WARN_UNUSED_FUNCTION = YES;
				GCC_WARN_UNUSED_VARIABLE = YES;
				IPHONEOS_DEPLOYMENT_TARGET = 12.0;
				MTL_ENABLE_DEBUG_INFO = INCLUDE_SOURCE;
				MTL_FAST_MATH = YES;
				ONLY_ACTIVE_ARCH = YES;
				SDKROOT = iphoneos;
				SWIFT_ACTIVE_COMPILATION_CONDITIONS = DEBUG;
				SWIFT_OPTIMIZATION_LEVEL = "-Onone";
			};
			name = Debug;
		};
		930DF80322FB5C0200D7220D /* Release */ = {
			isa = XCBuildConfiguration;
			buildSettings = {
				ALWAYS_SEARCH_USER_PATHS = NO;
				CLANG_ANALYZER_NONNULL = YES;
				CLANG_ANALYZER_NUMBER_OBJECT_CONVERSION = YES_AGGRESSIVE;
				CLANG_CXX_LANGUAGE_STANDARD = "gnu++14";
				CLANG_CXX_LIBRARY = "libc++";
				CLANG_ENABLE_MODULES = YES;
				CLANG_ENABLE_OBJC_ARC = YES;
				CLANG_ENABLE_OBJC_WEAK = YES;
				CLANG_WARN_BLOCK_CAPTURE_AUTORELEASING = YES;
				CLANG_WARN_BOOL_CONVERSION = YES;
				CLANG_WARN_COMMA = YES;
				CLANG_WARN_CONSTANT_CONVERSION = YES;
				CLANG_WARN_DEPRECATED_OBJC_IMPLEMENTATIONS = YES;
				CLANG_WARN_DIRECT_OBJC_ISA_USAGE = YES_ERROR;
				CLANG_WARN_DOCUMENTATION_COMMENTS = YES;
				CLANG_WARN_EMPTY_BODY = YES;
				CLANG_WARN_ENUM_CONVERSION = YES;
				CLANG_WARN_INFINITE_RECURSION = YES;
				CLANG_WARN_INT_CONVERSION = YES;
				CLANG_WARN_NON_LITERAL_NULL_CONVERSION = YES;
				CLANG_WARN_OBJC_IMPLICIT_RETAIN_SELF = YES;
				CLANG_WARN_OBJC_LITERAL_CONVERSION = YES;
				CLANG_WARN_OBJC_ROOT_CLASS = YES_ERROR;
				CLANG_WARN_QUOTED_INCLUDE_IN_FRAMEWORK_HEADER = YES;
				CLANG_WARN_RANGE_LOOP_ANALYSIS = YES;
				CLANG_WARN_STRICT_PROTOTYPES = YES;
				CLANG_WARN_SUSPICIOUS_MOVE = YES;
				CLANG_WARN_UNGUARDED_AVAILABILITY = YES_AGGRESSIVE;
				CLANG_WARN_UNREACHABLE_CODE = YES;
				CLANG_WARN__DUPLICATE_METHOD_MATCH = YES;
				CODE_SIGN_IDENTITY = "iPhone Developer";
				COPY_PHASE_STRIP = NO;
				DEBUG_INFORMATION_FORMAT = "dwarf-with-dsym";
				DEVELOPMENT_TEAM = NU4557A4JE;
				ENABLE_NS_ASSERTIONS = NO;
				ENABLE_STRICT_OBJC_MSGSEND = YES;
				GCC_C_LANGUAGE_STANDARD = gnu11;
				GCC_NO_COMMON_BLOCKS = YES;
				GCC_WARN_64_TO_32_BIT_CONVERSION = YES;
				GCC_WARN_ABOUT_RETURN_TYPE = YES_ERROR;
				GCC_WARN_UNDECLARED_SELECTOR = YES;
				GCC_WARN_UNINITIALIZED_AUTOS = YES_AGGRESSIVE;
				GCC_WARN_UNUSED_FUNCTION = YES;
				GCC_WARN_UNUSED_VARIABLE = YES;
				IPHONEOS_DEPLOYMENT_TARGET = 12.0;
				MTL_ENABLE_DEBUG_INFO = NO;
				MTL_FAST_MATH = YES;
				SDKROOT = iphoneos;
				SWIFT_COMPILATION_MODE = wholemodule;
				SWIFT_OPTIMIZATION_LEVEL = "-O";
				VALIDATE_PRODUCT = YES;
			};
			name = Release;
		};
		930DF80522FB5C0200D7220D /* Debug */ = {
			isa = XCBuildConfiguration;
			buildSettings = {
				ASSETCATALOG_COMPILER_APPICON_NAME = AppIcon;
				CODE_SIGN_IDENTITY = "Apple Development";
				CODE_SIGN_STYLE = Automatic;
				DEVELOPMENT_TEAM = "";
				"EXCLUDED_ARCHS[sdk=iphonesimulator*]" = arm64;
				FRAMEWORK_SEARCH_PATHS = (
					"$(inherited)",
					"$(PROJECT_DIR)",
				);
				INFOPLIST_FILE = "HyprMX-ExampleApp/Info.plist";
				IPHONEOS_DEPLOYMENT_TARGET = 12.0;
				LD_RUNPATH_SEARCH_PATHS = (
					"$(inherited)",
					"@executable_path/Frameworks",
				);
				LIBRARY_SEARCH_PATHS = "$(TOOLCHAIN_DIR)/usr/lib/swift-5.0/$(PLATFORM_NAME)";
				PRODUCT_BUNDLE_IDENTIFIER = "com.hyprmx.HyprMX-ExampleApp";
				PRODUCT_NAME = "$(TARGET_NAME)";
				SWIFT_VERSION = 5.0;
				TARGETED_DEVICE_FAMILY = "1,2";
			};
			name = Debug;
		};
		930DF80622FB5C0200D7220D /* Release */ = {
			isa = XCBuildConfiguration;
			buildSettings = {
				ASSETCATALOG_COMPILER_APPICON_NAME = AppIcon;
				CODE_SIGN_IDENTITY = "Apple Development";
				CODE_SIGN_STYLE = Automatic;
				DEVELOPMENT_TEAM = "";
				"EXCLUDED_ARCHS[sdk=iphonesimulator*]" = arm64;
				FRAMEWORK_SEARCH_PATHS = (
					"$(inherited)",
					"$(PROJECT_DIR)",
				);
				INFOPLIST_FILE = "HyprMX-ExampleApp/Info.plist";
				IPHONEOS_DEPLOYMENT_TARGET = 12.0;
				LD_RUNPATH_SEARCH_PATHS = (
					"$(inherited)",
					"@executable_path/Frameworks",
				);
				LIBRARY_SEARCH_PATHS = "$(TOOLCHAIN_DIR)/usr/lib/swift-5.0/$(PLATFORM_NAME)";
				PRODUCT_BUNDLE_IDENTIFIER = "com.hyprmx.HyprMX-ExampleApp";
				PRODUCT_NAME = "$(TARGET_NAME)";
				SWIFT_VERSION = 5.0;
				TARGETED_DEVICE_FAMILY = "1,2";
			};
			name = Release;
		};
/* End XCBuildConfiguration section */

/* Begin XCConfigurationList section */
		930DF7EB22FB5C0100D7220D /* Build configuration list for PBXProject "HyprMX-ExampleApp" */ = {
			isa = XCConfigurationList;
			buildConfigurations = (
				930DF80222FB5C0200D7220D /* Debug */,
				930DF80322FB5C0200D7220D /* Release */,
			);
			defaultConfigurationIsVisible = 0;
			defaultConfigurationName = Release;
		};
		930DF80422FB5C0200D7220D /* Build configuration list for PBXNativeTarget "HyprMX-ExampleApp" */ = {
			isa = XCConfigurationList;
			buildConfigurations = (
				930DF80522FB5C0200D7220D /* Debug */,
				930DF80622FB5C0200D7220D /* Release */,
			);
			defaultConfigurationIsVisible = 0;
			defaultConfigurationName = Release;
		};
/* End XCConfigurationList section */
	};
	rootObject = 930DF7E822FB5C0100D7220D /* Project object */;
}
